
Microsoft Visual Studio Solution File, Format Version 12.00
# Visual Studio Version 17
VisualStudioVersion = 17.0.31903.59
MinimumVisualStudioVersion = 10.0.40219.1
Project("{FAE04EC0-301F-11D3-BF4B-00C04F79EFBC}") = "Api", "Api\Api.csproj", "{460A39C2-C2EE-47D4-B3C8-1E1A0DA42F27}"
EndProject
Project("{FAE04EC0-301F-11D3-BF4B-00C04F79EFBC}") = "DataAccess", "DataAccess\DataAccess.csproj", "{6D8E87F3-FA78-4950-AC71-F5F92159AB53}"
EndProject
Project("{FAE04EC0-301F-11D3-BF4B-00C04F79EFBC}") = "Utility", "Utility\Utility.csproj", "{753C7991-CFF6-4B3C-A399-3DC29E308839}"
EndProject
Project("{FAE04EC0-301F-11D3-BF4B-00C04F79EFBC}") = "Models", "Models\Models.csproj", "{BC7B0E8D-EFF9-4DC9-A3E5-4CE5777E40D3}"
EndProject
Project("{FAE04EC0-301F-11D3-BF4B-00C04F79EFBC}") = "AllServices", "AllServices\AllServices.csproj", "{4187790D-4680-40E6-A475-86689DF9AC54}"
EndProject
Global
	GlobalSection(SolutionConfigurationPlatforms) = preSolution
		Debug|Any CPU = Debug|Any CPU
		Release|Any CPU = Release|Any CPU
	EndGlobalSection
	GlobalSection(SolutionProperties) = preSolution
		HideSolutionNode = FALSE
	EndGlobalSection
	GlobalSection(ProjectConfigurationPlatforms) = postSolution
		{460A39C2-C2EE-47D4-B3C8-1E1A0DA42F27}.Debug|Any CPU.ActiveCfg = Debug|Any CPU
		{460A39C2-C2EE-47D4-B3C8-1E1A0DA42F27}.Debug|Any CPU.Build.0 = Debug|Any CPU
		{460A39C2-C2EE-47D4-B3C8-1E1A0DA42F27}.Release|Any CPU.ActiveCfg = Release|Any CPU
		{460A39C2-C2EE-47D4-B3C8-1E1A0DA42F27}.Release|Any CPU.Build.0 = Release|Any CPU
		{6D8E87F3-FA78-4950-AC71-F5F92159AB53}.Debug|Any CPU.ActiveCfg = Debug|Any CPU
		{6D8E87F3-FA78-4950-AC71-F5F92159AB53}.Debug|Any CPU.Build.0 = Debug|Any CPU
		{6D8E87F3-FA78-4950-AC71-F5F92159AB53}.Release|Any CPU.ActiveCfg = Release|Any CPU
		{6D8E87F3-FA78-4950-AC71-F5F92159AB53}.Release|Any CPU.Build.0 = Release|Any CPU
		{753C7991-CFF6-4B3C-A399-3DC29E308839}.Debug|Any CPU.ActiveCfg = Debug|Any CPU
		{753C7991-CFF6-4B3C-A399-3DC29E308839}.Debug|Any CPU.Build.0 = Debug|Any CPU
		{753C7991-CFF6-4B3C-A399-3DC29E308839}.Release|Any CPU.ActiveCfg = Release|Any CPU
		{753C7991-CFF6-4B3C-A399-3DC29E308839}.Release|Any CPU.Build.0 = Release|Any CPU
		{BC7B0E8D-EFF9-4DC9-A3E5-4CE5777E40D3}.Debug|Any CPU.ActiveCfg = Debug|Any CPU
		{BC7B0E8D-EFF9-4DC9-A3E5-4CE5777E40D3}.Debug|Any CPU.Build.0 = Debug|Any CPU
		{BC7B0E8D-EFF9-4DC9-A3E5-4CE5777E40D3}.Release|Any CPU.ActiveCfg = Release|Any CPU
		{BC7B0E8D-EFF9-4DC9-A3E5-4CE5777E40D3}.Release|Any CPU.Build.0 = Release|Any CPU
		{4187790D-4680-40E6-A475-86689DF9AC54}.Debug|Any CPU.ActiveCfg = Debug|Any CPU
		{4187790D-4680-40E6-A475-86689DF9AC54}.Debug|Any CPU.Build.0 = Debug|Any CPU
		{4187790D-4680-40E6-A475-86689DF9AC54}.Release|Any CPU.ActiveCfg = Release|Any CPU
		{4187790D-4680-40E6-A475-86689DF9AC54}.Release|Any CPU.Build.0 = Release|Any CPU
	EndGlobalSection
EndGlobal
